
Microsoft Visual Studio Solution File, Format Version 12.00
# Visual Studio Version 16
VisualStudioVersion = 16.0.31729.503
MinimumVisualStudioVersion = 10.0.40219.1
Project("{FAE04EC0-301F-11D3-BF4B-00C04F79EFBC}") = "Project2", "Project2\Project2.csproj", "{9B9B941C-CA5A-404E-95AE-EF8B7A65EFDD}"
EndProject
Project("{FAE04EC0-301F-11D3-BF4B-00C04F79EFBC}") = "Project 1", "..\..\..\..\Desktop\NhiNguyenProject 1\Project 1\Project 1\Project 1.csproj", "{7F8EC141-F81C-4EA2-8E18-53DA3FE0B63A}"
EndProject
Global
	GlobalSection(SolutionConfigurationPlatforms) = preSolution
		Debug|Any CPU = Debug|Any CPU
		Release|Any CPU = Release|Any CPU
	EndGlobalSection
	GlobalSection(ProjectConfigurationPlatforms) = postSolution
		{9B9B941C-CA5A-404E-95AE-EF8B7A65EFDD}.Debug|Any CPU.ActiveCfg = Debug|Any CPU
		{9B9B941C-CA5A-404E-95AE-EF8B7A65EFDD}.Debug|Any CPU.Build.0 = Debug|Any CPU
		{9B9B941C-CA5A-404E-95AE-EF8B7A65EFDD}.Release|Any CPU.ActiveCfg = Release|Any CPU
		{9B9B941C-CA5A-404E-95AE-EF8B7A65EFDD}.Release|Any CPU.Build.0 = Release|Any CPU
		{7F8EC141-F81C-4EA2-8E18-53DA3FE0B63A}.Debug|Any CPU.ActiveCfg = Debug|Any CPU
		{7F8EC141-F81C-4EA2-8E18-53DA3FE0B63A}.Debug|Any CPU.Build.0 = Debug|Any CPU
		{7F8EC141-F81C-4EA2-8E18-53DA3FE0B63A}.Release|Any CPU.ActiveCfg = Release|Any CPU
		{7F8EC141-F81C-4EA2-8E18-53DA3FE0B63A}.Release|Any CPU.Build.0 = Release|Any CPU
	EndGlobalSection
	GlobalSection(SolutionProperties) = preSolution
		HideSolutionNode = FALSE
	EndGlobalSection
	GlobalSection(ExtensibilityGlobals) = postSolution
		SolutionGuid = {30A62370-81C6-4F8C-AB21-7913D93E2C41}
	EndGlobalSection
EndGlobal
